
Microsoft Visual Studio Solution File, Format Version 12.00
# Visual Studio Version 16
VisualStudioVersion = 16.0.30717.126
MinimumVisualStudioVersion = 10.0.40219.1
Project("{FAE04EC0-301F-11D3-BF4B-00C04F79EFBC}") = "ClinicaAppFrontEnd", "ClinicaAppFrontEnd\ClinicaAppFrontEnd.csproj", "{0955DEC2-1A12-482E-ADDE-2229DC731AEC}"
EndProject
Project("{FAE04EC0-301F-11D3-BF4B-00C04F79EFBC}") = "ClinicaAppBO", "ClinicaAppBO\ClinicaAppBO.csproj", "{1AB5A28D-B299-4DA1-8346-23A21EC92665}"
EndProject
Project("{FAE04EC0-301F-11D3-BF4B-00C04F79EFBC}") = "ClinicaAppBR", "ClinicaAppBR\ClinicaAppBR.csproj", "{6624C443-9435-41D3-A44D-18E717328A8D}"
EndProject
Project("{FAE04EC0-301F-11D3-BF4B-00C04F79EFBC}") = "ClinicaAppDA", "ClinicaAppDA\ClinicaAppDA.csproj", "{5CEE4B99-8DFD-46BE-91B0-AE15952E5781}"
EndProject
Global
	GlobalSection(SolutionConfigurationPlatforms) = preSolution
		Debug|Any CPU = Debug|Any CPU
		Release|Any CPU = Release|Any CPU
	EndGlobalSection
	GlobalSection(ProjectConfigurationPlatforms) = postSolution
		{0955DEC2-1A12-482E-ADDE-2229DC731AEC}.Debug|Any CPU.ActiveCfg = Debug|Any CPU
		{0955DEC2-1A12-482E-ADDE-2229DC731AEC}.Debug|Any CPU.Build.0 = Debug|Any CPU
		{0955DEC2-1A12-482E-ADDE-2229DC731AEC}.Release|Any CPU.ActiveCfg = Release|Any CPU
		{0955DEC2-1A12-482E-ADDE-2229DC731AEC}.Release|Any CPU.Build.0 = Release|Any CPU
		{1AB5A28D-B299-4DA1-8346-23A21EC92665}.Debug|Any CPU.ActiveCfg = Debug|Any CPU
		{1AB5A28D-B299-4DA1-8346-23A21EC92665}.Debug|Any CPU.Build.0 = Debug|Any CPU
		{1AB5A28D-B299-4DA1-8346-23A21EC92665}.Release|Any CPU.ActiveCfg = Release|Any CPU
		{1AB5A28D-B299-4DA1-8346-23A21EC92665}.Release|Any CPU.Build.0 = Release|Any CPU
		{6624C443-9435-41D3-A44D-18E717328A8D}.Debug|Any CPU.ActiveCfg = Debug|Any CPU
		{6624C443-9435-41D3-A44D-18E717328A8D}.Debug|Any CPU.Build.0 = Debug|Any CPU
		{6624C443-9435-41D3-A44D-18E717328A8D}.Release|Any CPU.ActiveCfg = Release|Any CPU
		{6624C443-9435-41D3-A44D-18E717328A8D}.Release|Any CPU.Build.0 = Release|Any CPU
		{5CEE4B99-8DFD-46BE-91B0-AE15952E5781}.Debug|Any CPU.ActiveCfg = Debug|Any CPU
		{5CEE4B99-8DFD-46BE-91B0-AE15952E5781}.Debug|Any CPU.Build.0 = Debug|Any CPU
		{5CEE4B99-8DFD-46BE-91B0-AE15952E5781}.Release|Any CPU.ActiveCfg = Release|Any CPU
		{5CEE4B99-8DFD-46BE-91B0-AE15952E5781}.Release|Any CPU.Build.0 = Release|Any CPU
	EndGlobalSection
	GlobalSection(SolutionProperties) = preSolution
		HideSolutionNode = FALSE
	EndGlobalSection
	GlobalSection(ExtensibilityGlobals) = postSolution
		SolutionGuid = {FF5A1F1B-DF1C-4E82-A3F2-B87FC7CEAD5D}
	EndGlobalSection
EndGlobal
